
Microsoft Visual Studio Solution File, Format Version 12.00
# Visual Studio Version 17
VisualStudioVersion = 17.7.34009.444
MinimumVisualStudioVersion = 10.0.40219.1
Project("{FAE04EC0-301F-11D3-BF4B-00C04F79EFBC}") = "lgLeetCodePractice", "lgLeetCodePractice\lgLeetCodePractice.csproj", "{850BB585-A839-41B0-B6EE-D0B370D10026}"
EndProject
Project("{FAE04EC0-301F-11D3-BF4B-00C04F79EFBC}") = "lgLeetCodePractice.Tests", "..\lgLeetCodePractice.Tests\lgLeetCodePractice.Tests.csproj", "{63E7F6A6-3316-4FC4-BD12-AA49486083B0}"
EndProject
Global
	GlobalSection(SolutionConfigurationPlatforms) = preSolution
		Debug|Any CPU = Debug|Any CPU
		Release|Any CPU = Release|Any CPU
	EndGlobalSection
	GlobalSection(ProjectConfigurationPlatforms) = postSolution
		{850BB585-A839-41B0-B6EE-D0B370D10026}.Debug|Any CPU.ActiveCfg = Debug|Any CPU
		{850BB585-A839-41B0-B6EE-D0B370D10026}.Debug|Any CPU.Build.0 = Debug|Any CPU
		{850BB585-A839-41B0-B6EE-D0B370D10026}.Release|Any CPU.ActiveCfg = Release|Any CPU
		{850BB585-A839-41B0-B6EE-D0B370D10026}.Release|Any CPU.Build.0 = Release|Any CPU
		{63E7F6A6-3316-4FC4-BD12-AA49486083B0}.Debug|Any CPU.ActiveCfg = Debug|Any CPU
		{63E7F6A6-3316-4FC4-BD12-AA49486083B0}.Debug|Any CPU.Build.0 = Debug|Any CPU
		{63E7F6A6-3316-4FC4-BD12-AA49486083B0}.Release|Any CPU.ActiveCfg = Release|Any CPU
		{63E7F6A6-3316-4FC4-BD12-AA49486083B0}.Release|Any CPU.Build.0 = Release|Any CPU
	EndGlobalSection
	GlobalSection(SolutionProperties) = preSolution
		HideSolutionNode = FALSE
	EndGlobalSection
	GlobalSection(ExtensibilityGlobals) = postSolution
		SolutionGuid = {EEEFF758-BD01-42A4-AB55-01A13CF8B249}
	EndGlobalSection
EndGlobal
